
Microsoft Visual Studio Solution File, Format Version 12.00
# Visual Studio 14
VisualStudioVersion = 14.0.25420.1
MinimumVisualStudioVersion = 10.0.40219.1
Project("{FAE04EC0-301F-11D3-BF4B-00C04F79EFBC}") = "Teste_Project", "Teste_Project\Teste_Project.csproj", "{5BB98B15-F3A5-4EDC-A929-0206BB74676F}"
EndProject
Global
	GlobalSection(SolutionConfigurationPlatforms) = preSolution
		Debug|Any CPU = Debug|Any CPU
		Release|Any CPU = Release|Any CPU
	EndGlobalSection
	GlobalSection(ProjectConfigurationPlatforms) = postSolution
		{5BB98B15-F3A5-4EDC-A929-0206BB74676F}.Debug|Any CPU.ActiveCfg = Debug|Any CPU
		{5BB98B15-F3A5-4EDC-A929-0206BB74676F}.Debug|Any CPU.Build.0 = Debug|Any CPU
		{5BB98B15-F3A5-4EDC-A929-0206BB74676F}.Release|Any CPU.ActiveCfg = Release|Any CPU
		{5BB98B15-F3A5-4EDC-A929-0206BB74676F}.Release|Any CPU.Build.0 = Release|Any CPU
	EndGlobalSection
	GlobalSection(SolutionProperties) = preSolution
		HideSolutionNode = FALSE
	EndGlobalSection
EndGlobal
