
Microsoft Visual Studio Solution File, Format Version 12.00
# Visual Studio Version 16
VisualStudioVersion = 16.0.29424.173
MinimumVisualStudioVersion = 10.0.40219.1
Project("{FAE04EC0-301F-11D3-BF4B-00C04F79EFBC}") = "TypesProduct", "TypesProduct\TypesProduct.csproj", "{7CD94760-DC2C-4A0D-8CED-D8A0B547E98F}"
EndProject
Global
	GlobalSection(SolutionConfigurationPlatforms) = preSolution
		Debug|Any CPU = Debug|Any CPU
		Release|Any CPU = Release|Any CPU
	EndGlobalSection
	GlobalSection(ProjectConfigurationPlatforms) = postSolution
		{7CD94760-DC2C-4A0D-8CED-D8A0B547E98F}.Debug|Any CPU.ActiveCfg = Debug|Any CPU
		{7CD94760-DC2C-4A0D-8CED-D8A0B547E98F}.Debug|Any CPU.Build.0 = Debug|Any CPU
		{7CD94760-DC2C-4A0D-8CED-D8A0B547E98F}.Release|Any CPU.ActiveCfg = Release|Any CPU
		{7CD94760-DC2C-4A0D-8CED-D8A0B547E98F}.Release|Any CPU.Build.0 = Release|Any CPU
	EndGlobalSection
	GlobalSection(SolutionProperties) = preSolution
		HideSolutionNode = FALSE
	EndGlobalSection
	GlobalSection(ExtensibilityGlobals) = postSolution
		SolutionGuid = {21874D3B-AAFC-409D-964D-65EE067F9F6C}
	EndGlobalSection
EndGlobal
