
Microsoft Visual Studio Solution File, Format Version 12.00
# Visual Studio Version 16
VisualStudioVersion = 16.0.29424.173
MinimumVisualStudioVersion = 10.0.40219.1
Project("{FAE04EC0-301F-11D3-BF4B-00C04F79EFBC}") = "InterestPerMonth", "InterestPerMonth\InterestPerMonth.csproj", "{280A436A-0460-4967-85E0-ACBD88A03642}"
EndProject
Global
	GlobalSection(SolutionConfigurationPlatforms) = preSolution
		Debug|Any CPU = Debug|Any CPU
		Release|Any CPU = Release|Any CPU
	EndGlobalSection
	GlobalSection(ProjectConfigurationPlatforms) = postSolution
		{280A436A-0460-4967-85E0-ACBD88A03642}.Debug|Any CPU.ActiveCfg = Debug|Any CPU
		{280A436A-0460-4967-85E0-ACBD88A03642}.Debug|Any CPU.Build.0 = Debug|Any CPU
		{280A436A-0460-4967-85E0-ACBD88A03642}.Release|Any CPU.ActiveCfg = Release|Any CPU
		{280A436A-0460-4967-85E0-ACBD88A03642}.Release|Any CPU.Build.0 = Release|Any CPU
	EndGlobalSection
	GlobalSection(SolutionProperties) = preSolution
		HideSolutionNode = FALSE
	EndGlobalSection
	GlobalSection(ExtensibilityGlobals) = postSolution
		SolutionGuid = {43E9EA91-2D24-40C2-A13D-EC6BD41CB24D}
	EndGlobalSection
EndGlobal
